
Microsoft Visual Studio Solution File, Format Version 12.00
# Visual Studio Version 16
VisualStudioVersion = 16.0.29306.81
MinimumVisualStudioVersion = 10.0.40219.1
Project("{FAE04EC0-301F-11D3-BF4B-00C04F79EFBC}") = "TicTacToe.Common", "TicTacToe.Common\TicTacToe.Common.csproj", "{5A27A58F-5CE6-46BE-BCF1-834235143F73}"
EndProject
Project("{FAE04EC0-301F-11D3-BF4B-00C04F79EFBC}") = "TicTacToe.Tests", "TicTacToe.Tests\TicTacToe.Tests.csproj", "{2369E848-533E-4C83-80C0-BAF56845B1DB}"
EndProject
Project("{FAE04EC0-301F-11D3-BF4B-00C04F79EFBC}") = "TicTacToe.ConsoleApp", "TicTacToe.ConsoleApp\TicTacToe.ConsoleApp.csproj", "{D42A894E-C895-4427-9652-8908461B58F0}"
EndProject
Project("{FAE04EC0-301F-11D3-BF4B-00C04F79EFBC}") = "TicTacToe.Wpf", "TicTacToe.Wpf\TicTacToe.Wpf.csproj", "{37A58C0F-5804-48ED-A5EB-96295DD5806A}"
EndProject
Project("{FAE04EC0-301F-11D3-BF4B-00C04F79EFBC}") = "TicTacToe.Web", "TicTacToe.Web\TicTacToe.Web.csproj", "{63F2E9E0-3110-469B-B1D3-C0347810939B}"
EndProject
Global
	GlobalSection(SolutionConfigurationPlatforms) = preSolution
		Debug|Any CPU = Debug|Any CPU
		Release|Any CPU = Release|Any CPU
	EndGlobalSection
	GlobalSection(ProjectConfigurationPlatforms) = postSolution
		{5A27A58F-5CE6-46BE-BCF1-834235143F73}.Debug|Any CPU.ActiveCfg = Debug|Any CPU
		{5A27A58F-5CE6-46BE-BCF1-834235143F73}.Debug|Any CPU.Build.0 = Debug|Any CPU
		{5A27A58F-5CE6-46BE-BCF1-834235143F73}.Release|Any CPU.ActiveCfg = Release|Any CPU
		{5A27A58F-5CE6-46BE-BCF1-834235143F73}.Release|Any CPU.Build.0 = Release|Any CPU
		{2369E848-533E-4C83-80C0-BAF56845B1DB}.Debug|Any CPU.ActiveCfg = Debug|Any CPU
		{2369E848-533E-4C83-80C0-BAF56845B1DB}.Debug|Any CPU.Build.0 = Debug|Any CPU
		{2369E848-533E-4C83-80C0-BAF56845B1DB}.Release|Any CPU.ActiveCfg = Release|Any CPU
		{2369E848-533E-4C83-80C0-BAF56845B1DB}.Release|Any CPU.Build.0 = Release|Any CPU
		{D42A894E-C895-4427-9652-8908461B58F0}.Debug|Any CPU.ActiveCfg = Debug|Any CPU
		{D42A894E-C895-4427-9652-8908461B58F0}.Debug|Any CPU.Build.0 = Debug|Any CPU
		{D42A894E-C895-4427-9652-8908461B58F0}.Release|Any CPU.ActiveCfg = Release|Any CPU
		{D42A894E-C895-4427-9652-8908461B58F0}.Release|Any CPU.Build.0 = Release|Any CPU
		{37A58C0F-5804-48ED-A5EB-96295DD5806A}.Debug|Any CPU.ActiveCfg = Debug|Any CPU
		{37A58C0F-5804-48ED-A5EB-96295DD5806A}.Debug|Any CPU.Build.0 = Debug|Any CPU
		{37A58C0F-5804-48ED-A5EB-96295DD5806A}.Release|Any CPU.ActiveCfg = Release|Any CPU
		{37A58C0F-5804-48ED-A5EB-96295DD5806A}.Release|Any CPU.Build.0 = Release|Any CPU
		{63F2E9E0-3110-469B-B1D3-C0347810939B}.Debug|Any CPU.ActiveCfg = Debug|Any CPU
		{63F2E9E0-3110-469B-B1D3-C0347810939B}.Debug|Any CPU.Build.0 = Debug|Any CPU
		{63F2E9E0-3110-469B-B1D3-C0347810939B}.Release|Any CPU.ActiveCfg = Release|Any CPU
		{63F2E9E0-3110-469B-B1D3-C0347810939B}.Release|Any CPU.Build.0 = Release|Any CPU
	EndGlobalSection
	GlobalSection(SolutionProperties) = preSolution
		HideSolutionNode = FALSE
	EndGlobalSection
	GlobalSection(ExtensibilityGlobals) = postSolution
		SolutionGuid = {2B754A0F-276B-441A-96AD-B72AAAA4E5D6}
	EndGlobalSection
EndGlobal
